
Microsoft Visual Studio Solution File, Format Version 12.00
# Visual Studio Version 17
VisualStudioVersion = 17.13.35825.156 d17.13
MinimumVisualStudioVersion = 10.0.40219.1
Project("{FAE04EC0-301F-11D3-BF4B-00C04F79EFBC}") = "LLDP_Parser", "LLDP_Parser\LLDP_Parser.csproj", "{1CED7818-F2D8-4CD7-B02B-B0488A961C44}"
EndProject
Global
	GlobalSection(SolutionConfigurationPlatforms) = preSolution
		Debug|Any CPU = Debug|Any CPU
		Release|Any CPU = Release|Any CPU
	EndGlobalSection
	GlobalSection(ProjectConfigurationPlatforms) = postSolution
		{1CED7818-F2D8-4CD7-B02B-B0488A961C44}.Debug|Any CPU.ActiveCfg = Debug|Any CPU
		{1CED7818-F2D8-4CD7-B02B-B0488A961C44}.Debug|Any CPU.Build.0 = Debug|Any CPU
		{1CED7818-F2D8-4CD7-B02B-B0488A961C44}.Release|Any CPU.ActiveCfg = Release|Any CPU
		{1CED7818-F2D8-4CD7-B02B-B0488A961C44}.Release|Any CPU.Build.0 = Release|Any CPU
	EndGlobalSection
	GlobalSection(SolutionProperties) = preSolution
		HideSolutionNode = FALSE
	EndGlobalSection
	GlobalSection(ExtensibilityGlobals) = postSolution
		SolutionGuid = {65B8069E-6458-4EEE-8A84-2D72820B4E98}
	EndGlobalSection
EndGlobal
